
Microsoft Visual Studio Solution File, Format Version 12.00
# Visual Studio Version 17
VisualStudioVersion = 17.13.35931.197
MinimumVisualStudioVersion = 10.0.40219.1
Project("{FAE04EC0-301F-11D3-BF4B-00C04F79EFBC}") = "GroceryManagement.WebApi", "GroceryManagement.WebApi\GroceryManagement.WebApi.csproj", "{07649EBF-A9E8-435F-9BAC-FC73E67B34A1}"
EndProject
Project("{FAE04EC0-301F-11D3-BF4B-00C04F79EFBC}") = "GroceryManagement.DB", "GroceryManagement.DB\GroceryManagement.DB.csproj", "{5EB66E9B-9764-448A-8221-AF8512E56896}"
EndProject
Project("{FAE04EC0-301F-11D3-BF4B-00C04F79EFBC}") = "GroceryManagement.BL", "GroceryManagement.BL\GroceryManagement.BL.csproj", "{1EF4D5E8-0E20-42BF-9714-D8EB883064E9}"
EndProject
Project("{FAE04EC0-301F-11D3-BF4B-00C04F79EFBC}") = "GroceryManagement.Dtos", "GroceryManagement.Dtos\GroceryManagement.Dtos.csproj", "{8704CAA7-216C-4591-AFA6-D7E05361A6EB}"
EndProject
Project("{FAE04EC0-301F-11D3-BF4B-00C04F79EFBC}") = "GroceryManagement.AuthApi", "GroceryManagement.AuthApi\GroceryManagement.AuthApi.csproj", "{0A60AB60-35DF-49CE-BD3D-475AE093FAA6}"
EndProject
Global
	GlobalSection(SolutionConfigurationPlatforms) = preSolution
		Debug|Any CPU = Debug|Any CPU
		Release|Any CPU = Release|Any CPU
	EndGlobalSection
	GlobalSection(ProjectConfigurationPlatforms) = postSolution
		{07649EBF-A9E8-435F-9BAC-FC73E67B34A1}.Debug|Any CPU.ActiveCfg = Debug|Any CPU
		{07649EBF-A9E8-435F-9BAC-FC73E67B34A1}.Debug|Any CPU.Build.0 = Debug|Any CPU
		{07649EBF-A9E8-435F-9BAC-FC73E67B34A1}.Release|Any CPU.ActiveCfg = Release|Any CPU
		{07649EBF-A9E8-435F-9BAC-FC73E67B34A1}.Release|Any CPU.Build.0 = Release|Any CPU
		{5EB66E9B-9764-448A-8221-AF8512E56896}.Debug|Any CPU.ActiveCfg = Debug|Any CPU
		{5EB66E9B-9764-448A-8221-AF8512E56896}.Debug|Any CPU.Build.0 = Debug|Any CPU
		{5EB66E9B-9764-448A-8221-AF8512E56896}.Release|Any CPU.ActiveCfg = Release|Any CPU
		{5EB66E9B-9764-448A-8221-AF8512E56896}.Release|Any CPU.Build.0 = Release|Any CPU
		{1EF4D5E8-0E20-42BF-9714-D8EB883064E9}.Debug|Any CPU.ActiveCfg = Debug|Any CPU
		{1EF4D5E8-0E20-42BF-9714-D8EB883064E9}.Debug|Any CPU.Build.0 = Debug|Any CPU
		{1EF4D5E8-0E20-42BF-9714-D8EB883064E9}.Release|Any CPU.ActiveCfg = Release|Any CPU
		{1EF4D5E8-0E20-42BF-9714-D8EB883064E9}.Release|Any CPU.Build.0 = Release|Any CPU
		{8704CAA7-216C-4591-AFA6-D7E05361A6EB}.Debug|Any CPU.ActiveCfg = Debug|Any CPU
		{8704CAA7-216C-4591-AFA6-D7E05361A6EB}.Debug|Any CPU.Build.0 = Debug|Any CPU
		{8704CAA7-216C-4591-AFA6-D7E05361A6EB}.Release|Any CPU.ActiveCfg = Release|Any CPU
		{8704CAA7-216C-4591-AFA6-D7E05361A6EB}.Release|Any CPU.Build.0 = Release|Any CPU
		{0A60AB60-35DF-49CE-BD3D-475AE093FAA6}.Debug|Any CPU.ActiveCfg = Debug|Any CPU
		{0A60AB60-35DF-49CE-BD3D-475AE093FAA6}.Debug|Any CPU.Build.0 = Debug|Any CPU
		{0A60AB60-35DF-49CE-BD3D-475AE093FAA6}.Release|Any CPU.ActiveCfg = Release|Any CPU
		{0A60AB60-35DF-49CE-BD3D-475AE093FAA6}.Release|Any CPU.Build.0 = Release|Any CPU
	EndGlobalSection
	GlobalSection(SolutionProperties) = preSolution
		HideSolutionNode = FALSE
	EndGlobalSection
	GlobalSection(ExtensibilityGlobals) = postSolution
		SolutionGuid = {13BCFC2B-70CA-45EC-A894-DCCD49BE673B}
	EndGlobalSection
EndGlobal
